
Microsoft Visual Studio Solution File, Format Version 12.00
# Visual Studio Version 16
VisualStudioVersion = 16.0.31205.134
MinimumVisualStudioVersion = 10.0.40219.1
Project("{FAE04EC0-301F-11D3-BF4B-00C04F79EFBC}") = "decimal-double", "decimal-double.csproj", "{0D473848-4EAB-4502-9A59-7711EA42B888}"
EndProject
Global
	GlobalSection(SolutionConfigurationPlatforms) = preSolution
		Debug|Any CPU = Debug|Any CPU
		Release|Any CPU = Release|Any CPU
	EndGlobalSection
	GlobalSection(ProjectConfigurationPlatforms) = postSolution
		{0D473848-4EAB-4502-9A59-7711EA42B888}.Debug|Any CPU.ActiveCfg = Debug|Any CPU
		{0D473848-4EAB-4502-9A59-7711EA42B888}.Debug|Any CPU.Build.0 = Debug|Any CPU
		{0D473848-4EAB-4502-9A59-7711EA42B888}.Release|Any CPU.ActiveCfg = Release|Any CPU
		{0D473848-4EAB-4502-9A59-7711EA42B888}.Release|Any CPU.Build.0 = Release|Any CPU
	EndGlobalSection
	GlobalSection(SolutionProperties) = preSolution
		HideSolutionNode = FALSE
	EndGlobalSection
	GlobalSection(ExtensibilityGlobals) = postSolution
		SolutionGuid = {8227C6EF-C36A-474E-9C5B-5154393F7FF9}
	EndGlobalSection
EndGlobal
